<?xml version="1.0" encoding="utf-8"?>
<Project ToolsVersion="4.0" xmlns="http://schemas.microsoft.com/developer/msbuild/2003">
  <ItemGroup>
    <Filter Include="Source Files">
      <UniqueIdentifier>{4FC737F1-C7A5-4376-A066-2A32D752A2FF}</UniqueIdentifier>
      <Extensions>cpp;c;cc;cxx;c++;cppm;ixx;def;odl;idl;hpj;bat;asm;asmx</Extensions>
    </Filter>
    <Filter Include="Header Files">
      <UniqueIdentifier>{93995380-89BD-4b04-88EB-625FBE52EBFB}</UniqueIdentifier>
      <Extensions>h;hh;hpp;hxx;h++;hm;inl;inc;ipp;xsd</Extensions>
    </Filter>
    <Filter Include="Overlays">
      <UniqueIdentifier>{4e722490-89b1-476c-8f11-f855725e5074}</UniqueIdentifier>
    </Filter>
    <Filter Include="Overlays\Example">
      <UniqueIdentifier>{8a12ed8f-5e32-450f-8ec9-985d3e5cde32}</UniqueIdentifier>
    </Filter>
    <Filter Include="Overlays\RiseDpsMeter">
      <UniqueIdentifier>{f65c6413-9861-46d0-ac93-cc3206db7958}</UniqueIdentifier>
    </Filter>
    <Filter Include="Overlays\PauseTheGame">
      <UniqueIdentifier>{49480136-b55a-468a-b6ab-1720b97d7141}</UniqueIdentifier>
    </Filter>
  </ItemGroup>
  <ItemGroup>
    <None Include="packages.config" />
    <None Include="src\DirectXHook.def">
      <Filter>Source Files</Filter>
    </None>
  </ItemGroup>
  <ItemGroup>
    <ClCompile Include="src\DirectXHook.cpp">
      <Filter>Source Files</Filter>
    </ClCompile>
    <ClCompile Include="src\DllMain.cpp">
      <Filter>Source Files</Filter>
    </ClCompile>
    <ClCompile Include="src\Renderer.cpp">
      <Filter>Source Files</Filter>
    </ClCompile>
    <ClCompile Include="RoundtableHoldArena\RoundtableHoldArena.cpp">
      <Filter>Overlays\PauseTheGame</Filter>
    </ClCompile>
    <ClCompile Include="third_party\hde\hde64.c">
      <Filter>Source Files</Filter>
    </ClCompile>
    <ClCompile Include="third_party\SigScan\SigScan.cpp">
      <Filter>Source Files</Filter>
    </ClCompile>
    <ClCompile Include="minhook\src\buffer.c">
      <Filter>Source Files</Filter>
    </ClCompile>
    <ClCompile Include="minhook\src\hook.c">
      <Filter>Source Files</Filter>
    </ClCompile>
    <ClCompile Include="minhook\src\trampoline.c">
      <Filter>Source Files</Filter>
    </ClCompile>
    <ClCompile Include="RoundtableHoldArena\p2p\core\SteamInterfaceProvider.cpp">
      <Filter>Source Files</Filter>
    </ClCompile>
    <ClCompile Include="third_party\vector3\Vector3.cpp">
      <Filter>Source Files</Filter>
    </ClCompile>
    <ClCompile Include="RoundtableHoldArena\p2p\P2PLobby.cpp">
      <Filter>Source Files</Filter>
    </ClCompile>
    <ClCompile Include="third_party\inih\INIReader.cpp">
      <Filter>Source Files</Filter>
    </ClCompile>
    <ClCompile Include="third_party\inih\ini.c">
      <Filter>Source Files</Filter>
    </ClCompile>
    <ClCompile Include="RoundtableHoldArena\p2p\game\BrawlManager.cpp">
      <Filter>Source Files</Filter>
    </ClCompile>
    <ClCompile Include="RoundtableHoldArena\p2p\game\TeamFightManager.cpp">
      <Filter>Source Files</Filter>
    </ClCompile>
  </ItemGroup>
  <ItemGroup>
    <FxCompile Include="src\Shaders.hlsl">
      <Filter>Source Files</Filter>
    </FxCompile>
  </ItemGroup>
  <ItemGroup>
    <ClInclude Include="include\RoundtableHoldArena.h">
      <Filter>Header Files</Filter>
    </ClInclude>
    <ClInclude Include="include\IRenderCallback.h">
      <Filter>Header Files</Filter>
    </ClInclude>
    <ClInclude Include="include\Logger.h">
      <Filter>Header Files</Filter>
    </ClInclude>
    <ClInclude Include="include\MemoryUtils.h">
      <Filter>Header Files</Filter>
    </ClInclude>
    <ClInclude Include="include\OverlayFramework.h">
      <Filter>Header Files</Filter>
    </ClInclude>
    <ClInclude Include="include\Renderer.h">
      <Filter>Header Files</Filter>
    </ClInclude>
    <ClInclude Include="RoundtableHoldArena\RoundtableHoldArena.h">
      <Filter>Overlays\PauseTheGame</Filter>
    </ClInclude>
    <ClInclude Include="include\ID3DRenderer.h">
      <Filter>Header Files</Filter>
    </ClInclude>
    <ClInclude Include="third_party\hde\hde64.h">
      <Filter>Header Files</Filter>
    </ClInclude>
    <ClInclude Include="param\EquipParamGoods.h">
      <Filter>Header Files</Filter>
    </ClInclude>
    <ClInclude Include="include\Damage.h">
      <Filter>Header Files</Filter>
    </ClInclude>
    <ClInclude Include="minhook\include\MinHook.h">
      <Filter>Header Files</Filter>
    </ClInclude>
    <ClInclude Include="minhook\src\buffer.h">
      <Filter>Header Files</Filter>
    </ClInclude>
    <ClInclude Include="minhook\src\trampoline.h">
      <Filter>Header Files</Filter>
    </ClInclude>
    <ClInclude Include="include\Bullet.h">
      <Filter>Header Files</Filter>
    </ClInclude>
    <ClInclude Include="include\ParamEditor.h">
      <Filter>Header Files</Filter>
    </ClInclude>
    <ClInclude Include="include\team_fight.h">
      <Filter>Header Files</Filter>
    </ClInclude>
    <ClInclude Include="include\SigScan.h">
      <Filter>Header Files</Filter>
    </ClInclude>
    <ClInclude Include="include\SPEffect.h">
      <Filter>Header Files</Filter>
    </ClInclude>
    <ClInclude Include="include\Pointer.h">
      <Filter>Header Files</Filter>
    </ClInclude>
    <ClInclude Include="include\Seamless.h">
      <Filter>Header Files</Filter>
    </ClInclude>
    <ClInclude Include="RoundtableHoldArena\p2p\core\SteamInterfaceProvider.h">
      <Filter>Header Files</Filter>
    </ClInclude>
    <ClInclude Include="include\Warp.h">
      <Filter>Header Files</Filter>
    </ClInclude>
    <ClInclude Include="include\HookSetup.h">
      <Filter>Header Files</Filter>
    </ClInclude>
    <ClInclude Include="param\EquipMtrlSetParam.h">
      <Filter>Header Files</Filter>
    </ClInclude>
    <ClInclude Include="include\Player.h">
      <Filter>Header Files</Filter>
    </ClInclude>
    <ClInclude Include="include\Souls.h">
      <Filter>Header Files</Filter>
    </ClInclude>
    <ClInclude Include="include\VxD.h">
      <Filter>Header Files</Filter>
    </ClInclude>
    <ClInclude Include="include\VFTHook.h">
      <Filter>Header Files</Filter>
    </ClInclude>
    <ClInclude Include="include\RTTIScanner.h">
      <Filter>Header Files</Filter>
    </ClInclude>
    <ClInclude Include="include\PE.h">
      <Filter>Header Files</Filter>
    </ClInclude>
    <ClInclude Include="include\PointerChain.h">
      <Filter>Header Files</Filter>
    </ClInclude>
    <ClInclude Include="include\Global.h">
      <Filter>Header Files</Filter>
    </ClInclude>
    <ClInclude Include="include\Item.h">
      <Filter>Header Files</Filter>
    </ClInclude>
    <ClInclude Include="third_party\vector3\Vector3.hpp">
      <Filter>Header Files</Filter>
    </ClInclude>
    <ClInclude Include="include\Camera.h">
      <Filter>Header Files</Filter>
    </ClInclude>
    <ClInclude Include="include\Event.h">
      <Filter>Header Files</Filter>
    </ClInclude>
    <ClInclude Include="RoundtableHoldArena\p2p\P2PLobby.h">
      <Filter>Header Files</Filter>
    </ClInclude>
    <ClInclude Include="RoundtableHoldArena\p2p\data\P2PLobbyData.h">
      <Filter>Header Files</Filter>
    </ClInclude>
    <ClInclude Include="third_party\nlohmann.json\json.hpp">
      <Filter>Header Files</Filter>
    </ClInclude>
    <ClInclude Include="include\Settings.h">
      <Filter>Header Files</Filter>
    </ClInclude>
    <ClInclude Include="third_party\inih\INIReader.h">
      <Filter>Header Files</Filter>
    </ClInclude>
    <ClInclude Include="third_party\inih\ini.h">
      <Filter>Header Files</Filter>
    </ClInclude>
    <ClInclude Include="RoundtableHoldArena\p2p\game\BrawlManager.h">
      <Filter>Header Files</Filter>
    </ClInclude>
    <ClInclude Include="RoundtableHoldArena\p2p\game\TeamFightManager.h">
      <Filter>Header Files</Filter>
    </ClInclude>
    <ClInclude Include="include\Death.h">
      <Filter>Header Files</Filter>
    </ClInclude>
    <ClInclude Include="include\Timer.h">
      <Filter>Header Files</Filter>
    </ClInclude>
    <ClInclude Include="include\Menu.h">
      <Filter>Header Files</Filter>
    </ClInclude>
    <ClInclude Include="include\File.h">
      <Filter>Header Files</Filter>
    </ClInclude>
  </ItemGroup>
  <ItemGroup>
    <MASM Include="src\Jump.asm">
      <Filter>Source Files</Filter>
    </MASM>
  </ItemGroup>
  <ItemGroup>
    <Library Include="third_party\steam\steam_api64.lib" />
  </ItemGroup>
</Project>